
Microsoft Visual Studio Solution File, Format Version 12.00
# Visual Studio 2013
VisualStudioVersion = 12.0.31101.0
MinimumVisualStudioVersion = 10.0.40219.1
Project("{FAE04EC0-301F-11D3-BF4B-00C04F79EFBC}") = "jstest", "jstest\jstest.csproj", "{BF752B04-80EA-4A87-9F0B-E084B153E212}"
EndProject
Project("{FAE04EC0-301F-11D3-BF4B-00C04F79EFBC}") = "LDJSServer", "LDJSServer\LDJSServer.csproj", "{38F26697-118B-439E-AD5B-4BD2A48E27D7}"
EndProject
Project("{FAE04EC0-301F-11D3-BF4B-00C04F79EFBC}") = "TCPClient", "TCPClient\TCPClient.csproj", "{5EF894B5-001B-4CCB-B592-188DB483260B}"
EndProject
Project("{FAE04EC0-301F-11D3-BF4B-00C04F79EFBC}") = "FungleIDE", "FungleIDE\FungleIDE.csproj", "{ACA725F5-0C01-4CF3-8CE5-55D1B173660F}"
EndProject
Project("{FAE04EC0-301F-11D3-BF4B-00C04F79EFBC}") = "tester", "tester\tester.csproj", "{9C578E1D-49C8-4495-B45E-1ED4101709DC}"
EndProject
Project("{FAE04EC0-301F-11D3-BF4B-00C04F79EFBC}") = "Fungle.Core", "Fungle.Core\Fungle.Core.csproj", "{FC56F7A5-1677-42A9-8FA2-141F519F1729}"
EndProject
Project("{FAE04EC0-301F-11D3-BF4B-00C04F79EFBC}") = "Midi", "..\..\Code\dotnet\midi-dot-net_src_1.1.0\midi-dot-net\Midi\Midi.csproj", "{F60D8B7B-2D2E-4B94-A736-3783FFE1A25C}"
EndProject
Project("{FAE04EC0-301F-11D3-BF4B-00C04F79EFBC}") = "WcfServiceLibrary1", "WcfServiceLibrary1\WcfServiceLibrary1.csproj", "{15B3E0D2-6217-493A-A690-158C497F5318}"
EndProject
Project("{FAE04EC0-301F-11D3-BF4B-00C04F79EFBC}") = "ConsoleApplication1", "ConsoleApplication1\ConsoleApplication1.csproj", "{5AD18D24-7EB1-41C2-9407-ADB1342FAB32}"
EndProject
Project("{FAE04EC0-301F-11D3-BF4B-00C04F79EFBC}") = "WindowsFormsApplication1", "WindowsFormsApplication1\WindowsFormsApplication1.csproj", "{7856E2D9-9DC9-4B77-8899-9466C8399EBE}"
	ProjectSection(ProjectDependencies) = postProject
		{15B3E0D2-6217-493A-A690-158C497F5318} = {15B3E0D2-6217-493A-A690-158C497F5318}
	EndProjectSection
EndProject
Project("{FAE04EC0-301F-11D3-BF4B-00C04F79EFBC}") = "JSParam", "JSParam\JSParam.csproj", "{46663E76-24D1-45B6-94B1-2D43B9BA09DA}"
EndProject
Project("{FAE04EC0-301F-11D3-BF4B-00C04F79EFBC}") = "TestServer", "TestServer\TestServer.csproj", "{D94BB448-D206-4BFF-9EDE-E47B9003E55A}"
EndProject
Project("{FAE04EC0-301F-11D3-BF4B-00C04F79EFBC}") = "LDJSServer2", "LDJSServer2\LDJSServer2.csproj", "{86B0466F-C800-4EC3-BC66-669EE55EDB8B}"
EndProject
Project("{FAE04EC0-301F-11D3-BF4B-00C04F79EFBC}") = "FungleVST.Midi", "FungleVST.Midi\FungleVST.Midi.csproj", "{A3CF0E19-E753-4BC5-9EBD-B261267C151F}"
EndProject
Project("{FAE04EC0-301F-11D3-BF4B-00C04F79EFBC}") = "FungleVST.NoteMod", "FungleVST.NoteMod\FungleVST.NoteMod.csproj", "{30E4BBB4-822B-4DF1-8B6B-7858B3E5139C}"
EndProject
Project("{FAE04EC0-301F-11D3-BF4B-00C04F79EFBC}") = "Fungle.Boom", "Jacobi.Vst.Samples.MidiNoteMapper\Fungle.Boom.csproj", "{9EA73A6E-92BF-4D4C-A5A0-34950230F48E}"
EndProject
Project("{FAE04EC0-301F-11D3-BF4B-00C04F79EFBC}") = "Jacobi.Vst.Samples.CorePlugin.Clr4", "Jacobi.Vst.Samples.CorePlugin\Jacobi.Vst.Samples.CorePlugin.Clr4.csproj", "{C4648A9E-8512-4D6B-BD5B-35FBF5D0EE80}"
EndProject
Project("{FAE04EC0-301F-11D3-BF4B-00C04F79EFBC}") = "Final.Boom", "Final.Boom\Final.Boom.csproj", "{9F1A81EB-C355-48EE-B28F-076581404BA7}"
EndProject
Project("{FAE04EC0-301F-11D3-BF4B-00C04F79EFBC}") = "Spinal.Doomo", "Spinal.Doomo\Spinal.Doomo.csproj", "{C465AC32-54E0-450C-9C24-FB6A50039AB0}"
EndProject
Project("{FAE04EC0-301F-11D3-BF4B-00C04F79EFBC}") = "Fungle.Interface", "Fungle.Interface\Fungle.Interface.csproj", "{0CAE80D9-4D7F-476D-BDE0-EF735EE5FF2F}"
EndProject
Project("{FAE04EC0-301F-11D3-BF4B-00C04F79EFBC}") = "Fungle.Service", "Fungle.Service\Fungle.Service.csproj", "{F2095C2E-5FFD-4179-BFEC-5A190B70B655}"
EndProject
Project("{FAE04EC0-301F-11D3-BF4B-00C04F79EFBC}") = "ConsoleApplication2", "ConsoleApplication2\ConsoleApplication2.csproj", "{989EBB36-19C2-439C-A3D7-A5E41AEE9730}"
EndProject
Project("{FAE04EC0-301F-11D3-BF4B-00C04F79EFBC}") = "TheVoid", "TheVoid\TheVoid.csproj", "{82651DBD-C8F6-48D7-9E98-8F502FEECB80}"
EndProject
Project("{FAE04EC0-301F-11D3-BF4B-00C04F79EFBC}") = "TheVoid.Console", "TheVoid.Console\TheVoid.Console.csproj", "{713EBBA0-8657-474C-9917-A891EC2107AC}"
EndProject
Project("{FAE04EC0-301F-11D3-BF4B-00C04F79EFBC}") = "TheVoid.Studio", "TheVoid.Studio\TheVoid.Studio.csproj", "{3BB639B2-3690-4BBA-B1A7-09107B27B858}"
EndProject
Project("{2150E333-8FDC-42A3-9474-1A3956D46DE8}") = "Void.Hub", "Void.Hub", "{2C44AECA-4A5B-442A-85CA-91FD669D26BE}"
EndProject
Project("{D954291E-2A0B-460D-934E-DC6B0785DB48}") = "Void.Hub.Shared", "Void.Hub\Void.Hub.Shared\Void.Hub.Shared.shproj", "{D4A5C435-48C7-4FA9-8514-F133A6B8B438}"
EndProject
Project("{FAE04EC0-301F-11D3-BF4B-00C04F79EFBC}") = "Void.Hub.Windows", "Void.Hub\Void.Hub.Windows\Void.Hub.Windows.csproj", "{922A534A-4A9D-44E8-8B4B-B23C443EBFB1}"
EndProject
Project("{FAE04EC0-301F-11D3-BF4B-00C04F79EFBC}") = "Void.Hub.WindowsPhone", "Void.Hub\Void.Hub.WindowsPhone\Void.Hub.WindowsPhone.csproj", "{3E585B87-F71D-4B12-877E-592C2CB7C995}"
EndProject
Project("{FAE04EC0-301F-11D3-BF4B-00C04F79EFBC}") = "LowDefinition", "LowDefinition\LowDefinition.csproj", "{3BD4A783-8473-4782-BC41-918E6820E2A8}"
EndProject
Global
	GlobalSection(SharedMSBuildProjectFiles) = preSolution
		Void.Hub\Void.Hub.Shared\Void.Hub.Shared.projitems*{3e585b87-f71d-4b12-877e-592c2cb7c995}*SharedItemsImports = 4
		Void.Hub\Void.Hub.Shared\Void.Hub.Shared.projitems*{922a534a-4a9d-44e8-8b4b-b23c443ebfb1}*SharedItemsImports = 4
		Void.Hub\Void.Hub.Shared\Void.Hub.Shared.projitems*{d4a5c435-48c7-4fa9-8514-f133a6b8b438}*SharedItemsImports = 13
	EndGlobalSection
	GlobalSection(SolutionConfigurationPlatforms) = preSolution
		Debug|Any CPU = Debug|Any CPU
		Debug|ARM = Debug|ARM
		Debug|x64 = Debug|x64
		Debug|x86 = Debug|x86
		Release|Any CPU = Release|Any CPU
		Release|ARM = Release|ARM
		Release|x64 = Release|x64
		Release|x86 = Release|x86
	EndGlobalSection
	GlobalSection(ProjectConfigurationPlatforms) = postSolution
		{BF752B04-80EA-4A87-9F0B-E084B153E212}.Debug|Any CPU.ActiveCfg = Debug|Any CPU
		{BF752B04-80EA-4A87-9F0B-E084B153E212}.Debug|Any CPU.Build.0 = Debug|Any CPU
		{BF752B04-80EA-4A87-9F0B-E084B153E212}.Debug|ARM.ActiveCfg = Debug|Any CPU
		{BF752B04-80EA-4A87-9F0B-E084B153E212}.Debug|x64.ActiveCfg = Debug|Any CPU
		{BF752B04-80EA-4A87-9F0B-E084B153E212}.Debug|x86.ActiveCfg = Debug|Any CPU
		{BF752B04-80EA-4A87-9F0B-E084B153E212}.Release|Any CPU.ActiveCfg = Release|Any CPU
		{BF752B04-80EA-4A87-9F0B-E084B153E212}.Release|Any CPU.Build.0 = Release|Any CPU
		{BF752B04-80EA-4A87-9F0B-E084B153E212}.Release|ARM.ActiveCfg = Release|Any CPU
		{BF752B04-80EA-4A87-9F0B-E084B153E212}.Release|x64.ActiveCfg = Release|Any CPU
		{BF752B04-80EA-4A87-9F0B-E084B153E212}.Release|x86.ActiveCfg = Release|Any CPU
		{38F26697-118B-439E-AD5B-4BD2A48E27D7}.Debug|Any CPU.ActiveCfg = Debug|Any CPU
		{38F26697-118B-439E-AD5B-4BD2A48E27D7}.Debug|Any CPU.Build.0 = Debug|Any CPU
		{38F26697-118B-439E-AD5B-4BD2A48E27D7}.Debug|ARM.ActiveCfg = Debug|Any CPU
		{38F26697-118B-439E-AD5B-4BD2A48E27D7}.Debug|x64.ActiveCfg = Debug|Any CPU
		{38F26697-118B-439E-AD5B-4BD2A48E27D7}.Debug|x86.ActiveCfg = Debug|Any CPU
		{38F26697-118B-439E-AD5B-4BD2A48E27D7}.Release|Any CPU.ActiveCfg = Release|Any CPU
		{38F26697-118B-439E-AD5B-4BD2A48E27D7}.Release|Any CPU.Build.0 = Release|Any CPU
		{38F26697-118B-439E-AD5B-4BD2A48E27D7}.Release|ARM.ActiveCfg = Release|Any CPU
		{38F26697-118B-439E-AD5B-4BD2A48E27D7}.Release|x64.ActiveCfg = Release|Any CPU
		{38F26697-118B-439E-AD5B-4BD2A48E27D7}.Release|x86.ActiveCfg = Release|Any CPU
		{5EF894B5-001B-4CCB-B592-188DB483260B}.Debug|Any CPU.ActiveCfg = Debug|Any CPU
		{5EF894B5-001B-4CCB-B592-188DB483260B}.Debug|Any CPU.Build.0 = Debug|Any CPU
		{5EF894B5-001B-4CCB-B592-188DB483260B}.Debug|ARM.ActiveCfg = Debug|Any CPU
		{5EF894B5-001B-4CCB-B592-188DB483260B}.Debug|x64.ActiveCfg = Debug|Any CPU
		{5EF894B5-001B-4CCB-B592-188DB483260B}.Debug|x86.ActiveCfg = Debug|Any CPU
		{5EF894B5-001B-4CCB-B592-188DB483260B}.Release|Any CPU.ActiveCfg = Release|Any CPU
		{5EF894B5-001B-4CCB-B592-188DB483260B}.Release|Any CPU.Build.0 = Release|Any CPU
		{5EF894B5-001B-4CCB-B592-188DB483260B}.Release|ARM.ActiveCfg = Release|Any CPU
		{5EF894B5-001B-4CCB-B592-188DB483260B}.Release|x64.ActiveCfg = Release|Any CPU
		{5EF894B5-001B-4CCB-B592-188DB483260B}.Release|x86.ActiveCfg = Release|Any CPU
		{ACA725F5-0C01-4CF3-8CE5-55D1B173660F}.Debug|Any CPU.ActiveCfg = Debug|Any CPU
		{ACA725F5-0C01-4CF3-8CE5-55D1B173660F}.Debug|Any CPU.Build.0 = Debug|Any CPU
		{ACA725F5-0C01-4CF3-8CE5-55D1B173660F}.Debug|ARM.ActiveCfg = Debug|Any CPU
		{ACA725F5-0C01-4CF3-8CE5-55D1B173660F}.Debug|x64.ActiveCfg = Debug|Any CPU
		{ACA725F5-0C01-4CF3-8CE5-55D1B173660F}.Debug|x86.ActiveCfg = Debug|Any CPU
		{ACA725F5-0C01-4CF3-8CE5-55D1B173660F}.Release|Any CPU.ActiveCfg = Release|Any CPU
		{ACA725F5-0C01-4CF3-8CE5-55D1B173660F}.Release|Any CPU.Build.0 = Release|Any CPU
		{ACA725F5-0C01-4CF3-8CE5-55D1B173660F}.Release|ARM.ActiveCfg = Release|Any CPU
		{ACA725F5-0C01-4CF3-8CE5-55D1B173660F}.Release|x64.ActiveCfg = Release|Any CPU
		{ACA725F5-0C01-4CF3-8CE5-55D1B173660F}.Release|x86.ActiveCfg = Release|Any CPU
		{9C578E1D-49C8-4495-B45E-1ED4101709DC}.Debug|Any CPU.ActiveCfg = Debug|Any CPU
		{9C578E1D-49C8-4495-B45E-1ED4101709DC}.Debug|Any CPU.Build.0 = Debug|Any CPU
		{9C578E1D-49C8-4495-B45E-1ED4101709DC}.Debug|ARM.ActiveCfg = Debug|Any CPU
		{9C578E1D-49C8-4495-B45E-1ED4101709DC}.Debug|x64.ActiveCfg = Debug|Any CPU
		{9C578E1D-49C8-4495-B45E-1ED4101709DC}.Debug|x86.ActiveCfg = Debug|Any CPU
		{9C578E1D-49C8-4495-B45E-1ED4101709DC}.Release|Any CPU.ActiveCfg = Release|Any CPU
		{9C578E1D-49C8-4495-B45E-1ED4101709DC}.Release|Any CPU.Build.0 = Release|Any CPU
		{9C578E1D-49C8-4495-B45E-1ED4101709DC}.Release|ARM.ActiveCfg = Release|Any CPU
		{9C578E1D-49C8-4495-B45E-1ED4101709DC}.Release|x64.ActiveCfg = Release|Any CPU
		{9C578E1D-49C8-4495-B45E-1ED4101709DC}.Release|x86.ActiveCfg = Release|Any CPU
		{FC56F7A5-1677-42A9-8FA2-141F519F1729}.Debug|Any CPU.ActiveCfg = Debug|Any CPU
		{FC56F7A5-1677-42A9-8FA2-141F519F1729}.Debug|Any CPU.Build.0 = Debug|Any CPU
		{FC56F7A5-1677-42A9-8FA2-141F519F1729}.Debug|ARM.ActiveCfg = Debug|Any CPU
		{FC56F7A5-1677-42A9-8FA2-141F519F1729}.Debug|x64.ActiveCfg = Debug|Any CPU
		{FC56F7A5-1677-42A9-8FA2-141F519F1729}.Debug|x86.ActiveCfg = Debug|Any CPU
		{FC56F7A5-1677-42A9-8FA2-141F519F1729}.Release|Any CPU.ActiveCfg = Release|Any CPU
		{FC56F7A5-1677-42A9-8FA2-141F519F1729}.Release|Any CPU.Build.0 = Release|Any CPU
		{FC56F7A5-1677-42A9-8FA2-141F519F1729}.Release|ARM.ActiveCfg = Release|Any CPU
		{FC56F7A5-1677-42A9-8FA2-141F519F1729}.Release|x64.ActiveCfg = Release|Any CPU
		{FC56F7A5-1677-42A9-8FA2-141F519F1729}.Release|x86.ActiveCfg = Release|Any CPU
		{F60D8B7B-2D2E-4B94-A736-3783FFE1A25C}.Debug|Any CPU.ActiveCfg = Debug|Any CPU
		{F60D8B7B-2D2E-4B94-A736-3783FFE1A25C}.Debug|Any CPU.Build.0 = Debug|Any CPU
		{F60D8B7B-2D2E-4B94-A736-3783FFE1A25C}.Debug|ARM.ActiveCfg = Debug|Any CPU
		{F60D8B7B-2D2E-4B94-A736-3783FFE1A25C}.Debug|x64.ActiveCfg = Debug|Any CPU
		{F60D8B7B-2D2E-4B94-A736-3783FFE1A25C}.Debug|x86.ActiveCfg = Debug|Any CPU
		{F60D8B7B-2D2E-4B94-A736-3783FFE1A25C}.Release|Any CPU.ActiveCfg = Release|Any CPU
		{F60D8B7B-2D2E-4B94-A736-3783FFE1A25C}.Release|Any CPU.Build.0 = Release|Any CPU
		{F60D8B7B-2D2E-4B94-A736-3783FFE1A25C}.Release|ARM.ActiveCfg = Release|Any CPU
		{F60D8B7B-2D2E-4B94-A736-3783FFE1A25C}.Release|x64.ActiveCfg = Release|Any CPU
		{F60D8B7B-2D2E-4B94-A736-3783FFE1A25C}.Release|x86.ActiveCfg = Release|Any CPU
		{15B3E0D2-6217-493A-A690-158C497F5318}.Debug|Any CPU.ActiveCfg = Debug|Any CPU
		{15B3E0D2-6217-493A-A690-158C497F5318}.Debug|Any CPU.Build.0 = Debug|Any CPU
		{15B3E0D2-6217-493A-A690-158C497F5318}.Debug|ARM.ActiveCfg = Debug|Any CPU
		{15B3E0D2-6217-493A-A690-158C497F5318}.Debug|x64.ActiveCfg = Debug|Any CPU
		{15B3E0D2-6217-493A-A690-158C497F5318}.Debug|x86.ActiveCfg = Debug|Any CPU
		{15B3E0D2-6217-493A-A690-158C497F5318}.Release|Any CPU.ActiveCfg = Release|Any CPU
		{15B3E0D2-6217-493A-A690-158C497F5318}.Release|Any CPU.Build.0 = Release|Any CPU
		{15B3E0D2-6217-493A-A690-158C497F5318}.Release|ARM.ActiveCfg = Release|Any CPU
		{15B3E0D2-6217-493A-A690-158C497F5318}.Release|x64.ActiveCfg = Release|Any CPU
		{15B3E0D2-6217-493A-A690-158C497F5318}.Release|x86.ActiveCfg = Release|Any CPU
		{5AD18D24-7EB1-41C2-9407-ADB1342FAB32}.Debug|Any CPU.ActiveCfg = Debug|Any CPU
		{5AD18D24-7EB1-41C2-9407-ADB1342FAB32}.Debug|Any CPU.Build.0 = Debug|Any CPU
		{5AD18D24-7EB1-41C2-9407-ADB1342FAB32}.Debug|ARM.ActiveCfg = Debug|Any CPU
		{5AD18D24-7EB1-41C2-9407-ADB1342FAB32}.Debug|x64.ActiveCfg = Debug|Any CPU
		{5AD18D24-7EB1-41C2-9407-ADB1342FAB32}.Debug|x86.ActiveCfg = Debug|Any CPU
		{5AD18D24-7EB1-41C2-9407-ADB1342FAB32}.Release|Any CPU.ActiveCfg = Release|Any CPU
		{5AD18D24-7EB1-41C2-9407-ADB1342FAB32}.Release|Any CPU.Build.0 = Release|Any CPU
		{5AD18D24-7EB1-41C2-9407-ADB1342FAB32}.Release|ARM.ActiveCfg = Release|Any CPU
		{5AD18D24-7EB1-41C2-9407-ADB1342FAB32}.Release|x64.ActiveCfg = Release|Any CPU
		{5AD18D24-7EB1-41C2-9407-ADB1342FAB32}.Release|x86.ActiveCfg = Release|Any CPU
		{7856E2D9-9DC9-4B77-8899-9466C8399EBE}.Debug|Any CPU.ActiveCfg = Debug|Any CPU
		{7856E2D9-9DC9-4B77-8899-9466C8399EBE}.Debug|Any CPU.Build.0 = Debug|Any CPU
		{7856E2D9-9DC9-4B77-8899-9466C8399EBE}.Debug|ARM.ActiveCfg = Debug|Any CPU
		{7856E2D9-9DC9-4B77-8899-9466C8399EBE}.Debug|x64.ActiveCfg = Debug|Any CPU
		{7856E2D9-9DC9-4B77-8899-9466C8399EBE}.Debug|x86.ActiveCfg = Debug|Any CPU
		{7856E2D9-9DC9-4B77-8899-9466C8399EBE}.Release|Any CPU.ActiveCfg = Release|Any CPU
		{7856E2D9-9DC9-4B77-8899-9466C8399EBE}.Release|Any CPU.Build.0 = Release|Any CPU
		{7856E2D9-9DC9-4B77-8899-9466C8399EBE}.Release|ARM.ActiveCfg = Release|Any CPU
		{7856E2D9-9DC9-4B77-8899-9466C8399EBE}.Release|x64.ActiveCfg = Release|Any CPU
		{7856E2D9-9DC9-4B77-8899-9466C8399EBE}.Release|x86.ActiveCfg = Release|Any CPU
		{46663E76-24D1-45B6-94B1-2D43B9BA09DA}.Debug|Any CPU.ActiveCfg = Debug|Any CPU
		{46663E76-24D1-45B6-94B1-2D43B9BA09DA}.Debug|Any CPU.Build.0 = Debug|Any CPU
		{46663E76-24D1-45B6-94B1-2D43B9BA09DA}.Debug|ARM.ActiveCfg = Debug|Any CPU
		{46663E76-24D1-45B6-94B1-2D43B9BA09DA}.Debug|x64.ActiveCfg = Debug|Any CPU
		{46663E76-24D1-45B6-94B1-2D43B9BA09DA}.Debug|x86.ActiveCfg = Debug|Any CPU
		{46663E76-24D1-45B6-94B1-2D43B9BA09DA}.Release|Any CPU.ActiveCfg = Release|Any CPU
		{46663E76-24D1-45B6-94B1-2D43B9BA09DA}.Release|Any CPU.Build.0 = Release|Any CPU
		{46663E76-24D1-45B6-94B1-2D43B9BA09DA}.Release|ARM.ActiveCfg = Release|Any CPU
		{46663E76-24D1-45B6-94B1-2D43B9BA09DA}.Release|x64.ActiveCfg = Release|Any CPU
		{46663E76-24D1-45B6-94B1-2D43B9BA09DA}.Release|x86.ActiveCfg = Release|Any CPU
		{D94BB448-D206-4BFF-9EDE-E47B9003E55A}.Debug|Any CPU.ActiveCfg = Debug|Any CPU
		{D94BB448-D206-4BFF-9EDE-E47B9003E55A}.Debug|Any CPU.Build.0 = Debug|Any CPU
		{D94BB448-D206-4BFF-9EDE-E47B9003E55A}.Debug|ARM.ActiveCfg = Debug|Any CPU
		{D94BB448-D206-4BFF-9EDE-E47B9003E55A}.Debug|x64.ActiveCfg = Debug|Any CPU
		{D94BB448-D206-4BFF-9EDE-E47B9003E55A}.Debug|x86.ActiveCfg = Debug|Any CPU
		{D94BB448-D206-4BFF-9EDE-E47B9003E55A}.Release|Any CPU.ActiveCfg = Release|Any CPU
		{D94BB448-D206-4BFF-9EDE-E47B9003E55A}.Release|Any CPU.Build.0 = Release|Any CPU
		{D94BB448-D206-4BFF-9EDE-E47B9003E55A}.Release|ARM.ActiveCfg = Release|Any CPU
		{D94BB448-D206-4BFF-9EDE-E47B9003E55A}.Release|x64.ActiveCfg = Release|Any CPU
		{D94BB448-D206-4BFF-9EDE-E47B9003E55A}.Release|x86.ActiveCfg = Release|Any CPU
		{86B0466F-C800-4EC3-BC66-669EE55EDB8B}.Debug|Any CPU.ActiveCfg = Debug|Any CPU
		{86B0466F-C800-4EC3-BC66-669EE55EDB8B}.Debug|Any CPU.Build.0 = Debug|Any CPU
		{86B0466F-C800-4EC3-BC66-669EE55EDB8B}.Debug|ARM.ActiveCfg = Debug|Any CPU
		{86B0466F-C800-4EC3-BC66-669EE55EDB8B}.Debug|x64.ActiveCfg = Debug|Any CPU
		{86B0466F-C800-4EC3-BC66-669EE55EDB8B}.Debug|x86.ActiveCfg = Debug|Any CPU
		{86B0466F-C800-4EC3-BC66-669EE55EDB8B}.Release|Any CPU.ActiveCfg = Release|Any CPU
		{86B0466F-C800-4EC3-BC66-669EE55EDB8B}.Release|Any CPU.Build.0 = Release|Any CPU
		{86B0466F-C800-4EC3-BC66-669EE55EDB8B}.Release|ARM.ActiveCfg = Release|Any CPU
		{86B0466F-C800-4EC3-BC66-669EE55EDB8B}.Release|x64.ActiveCfg = Release|Any CPU
		{86B0466F-C800-4EC3-BC66-669EE55EDB8B}.Release|x86.ActiveCfg = Release|Any CPU
		{A3CF0E19-E753-4BC5-9EBD-B261267C151F}.Debug|Any CPU.ActiveCfg = Debug|Any CPU
		{A3CF0E19-E753-4BC5-9EBD-B261267C151F}.Debug|Any CPU.Build.0 = Debug|Any CPU
		{A3CF0E19-E753-4BC5-9EBD-B261267C151F}.Debug|ARM.ActiveCfg = Debug|Any CPU
		{A3CF0E19-E753-4BC5-9EBD-B261267C151F}.Debug|x64.ActiveCfg = Debug|Any CPU
		{A3CF0E19-E753-4BC5-9EBD-B261267C151F}.Debug|x86.ActiveCfg = Debug|Any CPU
		{A3CF0E19-E753-4BC5-9EBD-B261267C151F}.Release|Any CPU.ActiveCfg = Release|Any CPU
		{A3CF0E19-E753-4BC5-9EBD-B261267C151F}.Release|Any CPU.Build.0 = Release|Any CPU
		{A3CF0E19-E753-4BC5-9EBD-B261267C151F}.Release|ARM.ActiveCfg = Release|Any CPU
		{A3CF0E19-E753-4BC5-9EBD-B261267C151F}.Release|x64.ActiveCfg = Release|Any CPU
		{A3CF0E19-E753-4BC5-9EBD-B261267C151F}.Release|x86.ActiveCfg = Release|Any CPU
		{30E4BBB4-822B-4DF1-8B6B-7858B3E5139C}.Debug|Any CPU.ActiveCfg = Debug|Any CPU
		{30E4BBB4-822B-4DF1-8B6B-7858B3E5139C}.Debug|Any CPU.Build.0 = Debug|Any CPU
		{30E4BBB4-822B-4DF1-8B6B-7858B3E5139C}.Debug|ARM.ActiveCfg = Debug|Any CPU
		{30E4BBB4-822B-4DF1-8B6B-7858B3E5139C}.Debug|x64.ActiveCfg = Debug|Any CPU
		{30E4BBB4-822B-4DF1-8B6B-7858B3E5139C}.Debug|x86.ActiveCfg = Debug|Any CPU
		{30E4BBB4-822B-4DF1-8B6B-7858B3E5139C}.Release|Any CPU.ActiveCfg = Release|Any CPU
		{30E4BBB4-822B-4DF1-8B6B-7858B3E5139C}.Release|Any CPU.Build.0 = Release|Any CPU
		{30E4BBB4-822B-4DF1-8B6B-7858B3E5139C}.Release|ARM.ActiveCfg = Release|Any CPU
		{30E4BBB4-822B-4DF1-8B6B-7858B3E5139C}.Release|x64.ActiveCfg = Release|Any CPU
		{30E4BBB4-822B-4DF1-8B6B-7858B3E5139C}.Release|x86.ActiveCfg = Release|Any CPU
		{9EA73A6E-92BF-4D4C-A5A0-34950230F48E}.Debug|Any CPU.ActiveCfg = Debug|Any CPU
		{9EA73A6E-92BF-4D4C-A5A0-34950230F48E}.Debug|Any CPU.Build.0 = Debug|Any CPU
		{9EA73A6E-92BF-4D4C-A5A0-34950230F48E}.Debug|ARM.ActiveCfg = Debug|Any CPU
		{9EA73A6E-92BF-4D4C-A5A0-34950230F48E}.Debug|x64.ActiveCfg = Debug|x64
		{9EA73A6E-92BF-4D4C-A5A0-34950230F48E}.Debug|x64.Build.0 = Debug|x64
		{9EA73A6E-92BF-4D4C-A5A0-34950230F48E}.Debug|x86.ActiveCfg = Debug|x86
		{9EA73A6E-92BF-4D4C-A5A0-34950230F48E}.Debug|x86.Build.0 = Debug|x86
		{9EA73A6E-92BF-4D4C-A5A0-34950230F48E}.Release|Any CPU.ActiveCfg = Release|Any CPU
		{9EA73A6E-92BF-4D4C-A5A0-34950230F48E}.Release|Any CPU.Build.0 = Release|Any CPU
		{9EA73A6E-92BF-4D4C-A5A0-34950230F48E}.Release|ARM.ActiveCfg = Release|Any CPU
		{9EA73A6E-92BF-4D4C-A5A0-34950230F48E}.Release|x64.ActiveCfg = Release|x64
		{9EA73A6E-92BF-4D4C-A5A0-34950230F48E}.Release|x64.Build.0 = Release|x64
		{9EA73A6E-92BF-4D4C-A5A0-34950230F48E}.Release|x86.ActiveCfg = Release|x86
		{9EA73A6E-92BF-4D4C-A5A0-34950230F48E}.Release|x86.Build.0 = Release|x86
		{C4648A9E-8512-4D6B-BD5B-35FBF5D0EE80}.Debug|Any CPU.ActiveCfg = Debug|Any CPU
		{C4648A9E-8512-4D6B-BD5B-35FBF5D0EE80}.Debug|Any CPU.Build.0 = Debug|Any CPU
		{C4648A9E-8512-4D6B-BD5B-35FBF5D0EE80}.Debug|ARM.ActiveCfg = Debug|Any CPU
		{C4648A9E-8512-4D6B-BD5B-35FBF5D0EE80}.Debug|x64.ActiveCfg = Debug|x64
		{C4648A9E-8512-4D6B-BD5B-35FBF5D0EE80}.Debug|x64.Build.0 = Debug|x64
		{C4648A9E-8512-4D6B-BD5B-35FBF5D0EE80}.Debug|x86.ActiveCfg = Debug|x86
		{C4648A9E-8512-4D6B-BD5B-35FBF5D0EE80}.Debug|x86.Build.0 = Debug|x86
		{C4648A9E-8512-4D6B-BD5B-35FBF5D0EE80}.Release|Any CPU.ActiveCfg = Release|Any CPU
		{C4648A9E-8512-4D6B-BD5B-35FBF5D0EE80}.Release|Any CPU.Build.0 = Release|Any CPU
		{C4648A9E-8512-4D6B-BD5B-35FBF5D0EE80}.Release|ARM.ActiveCfg = Release|Any CPU
		{C4648A9E-8512-4D6B-BD5B-35FBF5D0EE80}.Release|x64.ActiveCfg = Release|x64
		{C4648A9E-8512-4D6B-BD5B-35FBF5D0EE80}.Release|x64.Build.0 = Release|x64
		{C4648A9E-8512-4D6B-BD5B-35FBF5D0EE80}.Release|x86.ActiveCfg = Release|x86
		{C4648A9E-8512-4D6B-BD5B-35FBF5D0EE80}.Release|x86.Build.0 = Release|x86
		{9F1A81EB-C355-48EE-B28F-076581404BA7}.Debug|Any CPU.ActiveCfg = Debug|Any CPU
		{9F1A81EB-C355-48EE-B28F-076581404BA7}.Debug|Any CPU.Build.0 = Debug|Any CPU
		{9F1A81EB-C355-48EE-B28F-076581404BA7}.Debug|ARM.ActiveCfg = Debug|Any CPU
		{9F1A81EB-C355-48EE-B28F-076581404BA7}.Debug|x64.ActiveCfg = Debug|Any CPU
		{9F1A81EB-C355-48EE-B28F-076581404BA7}.Debug|x86.ActiveCfg = Debug|Any CPU
		{9F1A81EB-C355-48EE-B28F-076581404BA7}.Release|Any CPU.ActiveCfg = Release|Any CPU
		{9F1A81EB-C355-48EE-B28F-076581404BA7}.Release|Any CPU.Build.0 = Release|Any CPU
		{9F1A81EB-C355-48EE-B28F-076581404BA7}.Release|ARM.ActiveCfg = Release|Any CPU
		{9F1A81EB-C355-48EE-B28F-076581404BA7}.Release|x64.ActiveCfg = Release|Any CPU
		{9F1A81EB-C355-48EE-B28F-076581404BA7}.Release|x86.ActiveCfg = Release|Any CPU
		{C465AC32-54E0-450C-9C24-FB6A50039AB0}.Debug|Any CPU.ActiveCfg = Debug|Any CPU
		{C465AC32-54E0-450C-9C24-FB6A50039AB0}.Debug|Any CPU.Build.0 = Debug|Any CPU
		{C465AC32-54E0-450C-9C24-FB6A50039AB0}.Debug|ARM.ActiveCfg = Debug|Any CPU
		{C465AC32-54E0-450C-9C24-FB6A50039AB0}.Debug|x64.ActiveCfg = Debug|Any CPU
		{C465AC32-54E0-450C-9C24-FB6A50039AB0}.Debug|x86.ActiveCfg = Debug|Any CPU
		{C465AC32-54E0-450C-9C24-FB6A50039AB0}.Release|Any CPU.ActiveCfg = Release|Any CPU
		{C465AC32-54E0-450C-9C24-FB6A50039AB0}.Release|Any CPU.Build.0 = Release|Any CPU
		{C465AC32-54E0-450C-9C24-FB6A50039AB0}.Release|ARM.ActiveCfg = Release|Any CPU
		{C465AC32-54E0-450C-9C24-FB6A50039AB0}.Release|x64.ActiveCfg = Release|Any CPU
		{C465AC32-54E0-450C-9C24-FB6A50039AB0}.Release|x86.ActiveCfg = Release|Any CPU
		{0CAE80D9-4D7F-476D-BDE0-EF735EE5FF2F}.Debug|Any CPU.ActiveCfg = Debug|Any CPU
		{0CAE80D9-4D7F-476D-BDE0-EF735EE5FF2F}.Debug|Any CPU.Build.0 = Debug|Any CPU
		{0CAE80D9-4D7F-476D-BDE0-EF735EE5FF2F}.Debug|ARM.ActiveCfg = Debug|Any CPU
		{0CAE80D9-4D7F-476D-BDE0-EF735EE5FF2F}.Debug|x64.ActiveCfg = Debug|Any CPU
		{0CAE80D9-4D7F-476D-BDE0-EF735EE5FF2F}.Debug|x86.ActiveCfg = Debug|Any CPU
		{0CAE80D9-4D7F-476D-BDE0-EF735EE5FF2F}.Release|Any CPU.ActiveCfg = Release|Any CPU
		{0CAE80D9-4D7F-476D-BDE0-EF735EE5FF2F}.Release|Any CPU.Build.0 = Release|Any CPU
		{0CAE80D9-4D7F-476D-BDE0-EF735EE5FF2F}.Release|ARM.ActiveCfg = Release|Any CPU
		{0CAE80D9-4D7F-476D-BDE0-EF735EE5FF2F}.Release|x64.ActiveCfg = Release|Any CPU
		{0CAE80D9-4D7F-476D-BDE0-EF735EE5FF2F}.Release|x86.ActiveCfg = Release|Any CPU
		{F2095C2E-5FFD-4179-BFEC-5A190B70B655}.Debug|Any CPU.ActiveCfg = Debug|Any CPU
		{F2095C2E-5FFD-4179-BFEC-5A190B70B655}.Debug|Any CPU.Build.0 = Debug|Any CPU
		{F2095C2E-5FFD-4179-BFEC-5A190B70B655}.Debug|ARM.ActiveCfg = Debug|Any CPU
		{F2095C2E-5FFD-4179-BFEC-5A190B70B655}.Debug|x64.ActiveCfg = Debug|Any CPU
		{F2095C2E-5FFD-4179-BFEC-5A190B70B655}.Debug|x86.ActiveCfg = Debug|Any CPU
		{F2095C2E-5FFD-4179-BFEC-5A190B70B655}.Release|Any CPU.ActiveCfg = Release|Any CPU
		{F2095C2E-5FFD-4179-BFEC-5A190B70B655}.Release|Any CPU.Build.0 = Release|Any CPU
		{F2095C2E-5FFD-4179-BFEC-5A190B70B655}.Release|ARM.ActiveCfg = Release|Any CPU
		{F2095C2E-5FFD-4179-BFEC-5A190B70B655}.Release|x64.ActiveCfg = Release|Any CPU
		{F2095C2E-5FFD-4179-BFEC-5A190B70B655}.Release|x86.ActiveCfg = Release|Any CPU
		{989EBB36-19C2-439C-A3D7-A5E41AEE9730}.Debug|Any CPU.ActiveCfg = Debug|Any CPU
		{989EBB36-19C2-439C-A3D7-A5E41AEE9730}.Debug|Any CPU.Build.0 = Debug|Any CPU
		{989EBB36-19C2-439C-A3D7-A5E41AEE9730}.Debug|ARM.ActiveCfg = Debug|Any CPU
		{989EBB36-19C2-439C-A3D7-A5E41AEE9730}.Debug|x64.ActiveCfg = Debug|Any CPU
		{989EBB36-19C2-439C-A3D7-A5E41AEE9730}.Debug|x86.ActiveCfg = Debug|Any CPU
		{989EBB36-19C2-439C-A3D7-A5E41AEE9730}.Release|Any CPU.ActiveCfg = Release|Any CPU
		{989EBB36-19C2-439C-A3D7-A5E41AEE9730}.Release|Any CPU.Build.0 = Release|Any CPU
		{989EBB36-19C2-439C-A3D7-A5E41AEE9730}.Release|ARM.ActiveCfg = Release|Any CPU
		{989EBB36-19C2-439C-A3D7-A5E41AEE9730}.Release|x64.ActiveCfg = Release|Any CPU
		{989EBB36-19C2-439C-A3D7-A5E41AEE9730}.Release|x86.ActiveCfg = Release|Any CPU
		{82651DBD-C8F6-48D7-9E98-8F502FEECB80}.Debug|Any CPU.ActiveCfg = Debug|Any CPU
		{82651DBD-C8F6-48D7-9E98-8F502FEECB80}.Debug|Any CPU.Build.0 = Debug|Any CPU
		{82651DBD-C8F6-48D7-9E98-8F502FEECB80}.Debug|ARM.ActiveCfg = Debug|Any CPU
		{82651DBD-C8F6-48D7-9E98-8F502FEECB80}.Debug|x64.ActiveCfg = Debug|Any CPU
		{82651DBD-C8F6-48D7-9E98-8F502FEECB80}.Debug|x86.ActiveCfg = Debug|Any CPU
		{82651DBD-C8F6-48D7-9E98-8F502FEECB80}.Release|Any CPU.ActiveCfg = Release|Any CPU
		{82651DBD-C8F6-48D7-9E98-8F502FEECB80}.Release|Any CPU.Build.0 = Release|Any CPU
		{82651DBD-C8F6-48D7-9E98-8F502FEECB80}.Release|ARM.ActiveCfg = Release|Any CPU
		{82651DBD-C8F6-48D7-9E98-8F502FEECB80}.Release|x64.ActiveCfg = Release|Any CPU
		{82651DBD-C8F6-48D7-9E98-8F502FEECB80}.Release|x86.ActiveCfg = Release|Any CPU
		{713EBBA0-8657-474C-9917-A891EC2107AC}.Debug|Any CPU.ActiveCfg = Debug|Any CPU
		{713EBBA0-8657-474C-9917-A891EC2107AC}.Debug|Any CPU.Build.0 = Debug|Any CPU
		{713EBBA0-8657-474C-9917-A891EC2107AC}.Debug|ARM.ActiveCfg = Debug|Any CPU
		{713EBBA0-8657-474C-9917-A891EC2107AC}.Debug|x64.ActiveCfg = Debug|Any CPU
		{713EBBA0-8657-474C-9917-A891EC2107AC}.Debug|x86.ActiveCfg = Debug|Any CPU
		{713EBBA0-8657-474C-9917-A891EC2107AC}.Release|Any CPU.ActiveCfg = Release|Any CPU
		{713EBBA0-8657-474C-9917-A891EC2107AC}.Release|Any CPU.Build.0 = Release|Any CPU
		{713EBBA0-8657-474C-9917-A891EC2107AC}.Release|ARM.ActiveCfg = Release|Any CPU
		{713EBBA0-8657-474C-9917-A891EC2107AC}.Release|x64.ActiveCfg = Release|Any CPU
		{713EBBA0-8657-474C-9917-A891EC2107AC}.Release|x86.ActiveCfg = Release|Any CPU
		{3BB639B2-3690-4BBA-B1A7-09107B27B858}.Debug|Any CPU.ActiveCfg = Debug|Any CPU
		{3BB639B2-3690-4BBA-B1A7-09107B27B858}.Debug|Any CPU.Build.0 = Debug|Any CPU
		{3BB639B2-3690-4BBA-B1A7-09107B27B858}.Debug|ARM.ActiveCfg = Debug|Any CPU
		{3BB639B2-3690-4BBA-B1A7-09107B27B858}.Debug|x64.ActiveCfg = Debug|Any CPU
		{3BB639B2-3690-4BBA-B1A7-09107B27B858}.Debug|x86.ActiveCfg = Debug|Any CPU
		{3BB639B2-3690-4BBA-B1A7-09107B27B858}.Release|Any CPU.ActiveCfg = Release|Any CPU
		{3BB639B2-3690-4BBA-B1A7-09107B27B858}.Release|Any CPU.Build.0 = Release|Any CPU
		{3BB639B2-3690-4BBA-B1A7-09107B27B858}.Release|ARM.ActiveCfg = Release|Any CPU
		{3BB639B2-3690-4BBA-B1A7-09107B27B858}.Release|x64.ActiveCfg = Release|Any CPU
		{3BB639B2-3690-4BBA-B1A7-09107B27B858}.Release|x86.ActiveCfg = Release|Any CPU
		{922A534A-4A9D-44E8-8B4B-B23C443EBFB1}.Debug|Any CPU.ActiveCfg = Debug|Any CPU
		{922A534A-4A9D-44E8-8B4B-B23C443EBFB1}.Debug|Any CPU.Build.0 = Debug|Any CPU
		{922A534A-4A9D-44E8-8B4B-B23C443EBFB1}.Debug|Any CPU.Deploy.0 = Debug|Any CPU
		{922A534A-4A9D-44E8-8B4B-B23C443EBFB1}.Debug|ARM.ActiveCfg = Debug|ARM
		{922A534A-4A9D-44E8-8B4B-B23C443EBFB1}.Debug|ARM.Build.0 = Debug|ARM
		{922A534A-4A9D-44E8-8B4B-B23C443EBFB1}.Debug|ARM.Deploy.0 = Debug|ARM
		{922A534A-4A9D-44E8-8B4B-B23C443EBFB1}.Debug|x64.ActiveCfg = Debug|x64
		{922A534A-4A9D-44E8-8B4B-B23C443EBFB1}.Debug|x64.Build.0 = Debug|x64
		{922A534A-4A9D-44E8-8B4B-B23C443EBFB1}.Debug|x64.Deploy.0 = Debug|x64
		{922A534A-4A9D-44E8-8B4B-B23C443EBFB1}.Debug|x86.ActiveCfg = Debug|x86
		{922A534A-4A9D-44E8-8B4B-B23C443EBFB1}.Debug|x86.Build.0 = Debug|x86
		{922A534A-4A9D-44E8-8B4B-B23C443EBFB1}.Debug|x86.Deploy.0 = Debug|x86
		{922A534A-4A9D-44E8-8B4B-B23C443EBFB1}.Release|Any CPU.ActiveCfg = Release|Any CPU
		{922A534A-4A9D-44E8-8B4B-B23C443EBFB1}.Release|Any CPU.Build.0 = Release|Any CPU
		{922A534A-4A9D-44E8-8B4B-B23C443EBFB1}.Release|Any CPU.Deploy.0 = Release|Any CPU
		{922A534A-4A9D-44E8-8B4B-B23C443EBFB1}.Release|ARM.ActiveCfg = Release|ARM
		{922A534A-4A9D-44E8-8B4B-B23C443EBFB1}.Release|ARM.Build.0 = Release|ARM
		{922A534A-4A9D-44E8-8B4B-B23C443EBFB1}.Release|ARM.Deploy.0 = Release|ARM
		{922A534A-4A9D-44E8-8B4B-B23C443EBFB1}.Release|x64.ActiveCfg = Release|x64
		{922A534A-4A9D-44E8-8B4B-B23C443EBFB1}.Release|x64.Build.0 = Release|x64
		{922A534A-4A9D-44E8-8B4B-B23C443EBFB1}.Release|x64.Deploy.0 = Release|x64
		{922A534A-4A9D-44E8-8B4B-B23C443EBFB1}.Release|x86.ActiveCfg = Release|x86
		{922A534A-4A9D-44E8-8B4B-B23C443EBFB1}.Release|x86.Build.0 = Release|x86
		{922A534A-4A9D-44E8-8B4B-B23C443EBFB1}.Release|x86.Deploy.0 = Release|x86
		{3E585B87-F71D-4B12-877E-592C2CB7C995}.Debug|Any CPU.ActiveCfg = Debug|Any CPU
		{3E585B87-F71D-4B12-877E-592C2CB7C995}.Debug|Any CPU.Build.0 = Debug|Any CPU
		{3E585B87-F71D-4B12-877E-592C2CB7C995}.Debug|Any CPU.Deploy.0 = Debug|Any CPU
		{3E585B87-F71D-4B12-877E-592C2CB7C995}.Debug|ARM.ActiveCfg = Debug|ARM
		{3E585B87-F71D-4B12-877E-592C2CB7C995}.Debug|ARM.Build.0 = Debug|ARM
		{3E585B87-F71D-4B12-877E-592C2CB7C995}.Debug|ARM.Deploy.0 = Debug|ARM
		{3E585B87-F71D-4B12-877E-592C2CB7C995}.Debug|x64.ActiveCfg = Debug|Any CPU
		{3E585B87-F71D-4B12-877E-592C2CB7C995}.Debug|x86.ActiveCfg = Debug|x86
		{3E585B87-F71D-4B12-877E-592C2CB7C995}.Debug|x86.Build.0 = Debug|x86
		{3E585B87-F71D-4B12-877E-592C2CB7C995}.Debug|x86.Deploy.0 = Debug|x86
		{3E585B87-F71D-4B12-877E-592C2CB7C995}.Release|Any CPU.ActiveCfg = Release|Any CPU
		{3E585B87-F71D-4B12-877E-592C2CB7C995}.Release|Any CPU.Build.0 = Release|Any CPU
		{3E585B87-F71D-4B12-877E-592C2CB7C995}.Release|Any CPU.Deploy.0 = Release|Any CPU
		{3E585B87-F71D-4B12-877E-592C2CB7C995}.Release|ARM.ActiveCfg = Release|ARM
		{3E585B87-F71D-4B12-877E-592C2CB7C995}.Release|ARM.Build.0 = Release|ARM
		{3E585B87-F71D-4B12-877E-592C2CB7C995}.Release|ARM.Deploy.0 = Release|ARM
		{3E585B87-F71D-4B12-877E-592C2CB7C995}.Release|x64.ActiveCfg = Release|Any CPU
		{3E585B87-F71D-4B12-877E-592C2CB7C995}.Release|x86.ActiveCfg = Release|x86
		{3E585B87-F71D-4B12-877E-592C2CB7C995}.Release|x86.Build.0 = Release|x86
		{3E585B87-F71D-4B12-877E-592C2CB7C995}.Release|x86.Deploy.0 = Release|x86
		{3BD4A783-8473-4782-BC41-918E6820E2A8}.Debug|Any CPU.ActiveCfg = Debug|Any CPU
		{3BD4A783-8473-4782-BC41-918E6820E2A8}.Debug|Any CPU.Build.0 = Debug|Any CPU
		{3BD4A783-8473-4782-BC41-918E6820E2A8}.Debug|ARM.ActiveCfg = Debug|Any CPU
		{3BD4A783-8473-4782-BC41-918E6820E2A8}.Debug|x64.ActiveCfg = Debug|Any CPU
		{3BD4A783-8473-4782-BC41-918E6820E2A8}.Debug|x86.ActiveCfg = Debug|Any CPU
		{3BD4A783-8473-4782-BC41-918E6820E2A8}.Release|Any CPU.ActiveCfg = Release|Any CPU
		{3BD4A783-8473-4782-BC41-918E6820E2A8}.Release|Any CPU.Build.0 = Release|Any CPU
		{3BD4A783-8473-4782-BC41-918E6820E2A8}.Release|ARM.ActiveCfg = Release|Any CPU
		{3BD4A783-8473-4782-BC41-918E6820E2A8}.Release|x64.ActiveCfg = Release|Any CPU
		{3BD4A783-8473-4782-BC41-918E6820E2A8}.Release|x86.ActiveCfg = Release|Any CPU
	EndGlobalSection
	GlobalSection(SolutionProperties) = preSolution
		HideSolutionNode = FALSE
	EndGlobalSection
	GlobalSection(NestedProjects) = preSolution
		{D4A5C435-48C7-4FA9-8514-F133A6B8B438} = {2C44AECA-4A5B-442A-85CA-91FD669D26BE}
		{922A534A-4A9D-44E8-8B4B-B23C443EBFB1} = {2C44AECA-4A5B-442A-85CA-91FD669D26BE}
		{3E585B87-F71D-4B12-877E-592C2CB7C995} = {2C44AECA-4A5B-442A-85CA-91FD669D26BE}
	EndGlobalSection
EndGlobal
